{
  "object": {
    "pins": [
      {
        "package": "Crypto101",
        "repositoryURL": "https://github.com/pengpengliu/Crypto101.git",
        "state": {
          "branch": null,
          "revision": "e98df5f5548ff6d8871fbd9dfc8d55cf5331b916",
          "version": "0.4.0"
        }
      },
      {
        "package": "CryptoSwift",
        "repositoryURL": "https://github.com/krzyzanowskim/CryptoSwift",
        "state": {
          "branch": null,
          "revision": "12f2389aca4a07e0dd54c86ec23d0721ed88b8db",
          "version": "1.4.3"
        }
      },
      {
        "package": "secp256k1",
        "repositoryURL": "https://github.com/Boilertalk/secp256k1.swift.git",
        "state": {
          "branch": null,
          "revision": "823281fe9def21b384099b72a9a53ca988317b20",
          "version": "0.1.4"
        }
      }
    ]
  },
  "version": 1
}
